
Microsoft Visual Studio Solution File, Format Version 12.00
# Visual Studio 15
VisualStudioVersion = 15.0.27130.2010
MinimumVisualStudioVersion = 10.0.40219.1
Project("{FAE04EC0-301F-11D3-BF4B-00C04F79EFBC}") = "QuickDictionary", "QuickDictionary\QuickDictionary.csproj", "{BE96382E-0B30-427E-826B-F800645009A0}"
EndProject
Project("{FAE04EC0-301F-11D3-BF4B-00C04F79EFBC}") = "DictFunc", "DictFunc\DictFunc.csproj", "{75310B93-09A2-4E41-A2B6-FA68C4F079B4}"
EndProject
Global
	GlobalSection(SolutionConfigurationPlatforms) = preSolution
		Debug|Any CPU = Debug|Any CPU
		Release|Any CPU = Release|Any CPU
	EndGlobalSection
	GlobalSection(ProjectConfigurationPlatforms) = postSolution
		{BE96382E-0B30-427E-826B-F800645009A0}.Debug|Any CPU.ActiveCfg = Debug|Any CPU
		{BE96382E-0B30-427E-826B-F800645009A0}.Debug|Any CPU.Build.0 = Debug|Any CPU
		{BE96382E-0B30-427E-826B-F800645009A0}.Release|Any CPU.ActiveCfg = Release|Any CPU
		{BE96382E-0B30-427E-826B-F800645009A0}.Release|Any CPU.Build.0 = Release|Any CPU
		{75310B93-09A2-4E41-A2B6-FA68C4F079B4}.Debug|Any CPU.ActiveCfg = Debug|Any CPU
		{75310B93-09A2-4E41-A2B6-FA68C4F079B4}.Debug|Any CPU.Build.0 = Debug|Any CPU
		{75310B93-09A2-4E41-A2B6-FA68C4F079B4}.Release|Any CPU.ActiveCfg = Release|Any CPU
		{75310B93-09A2-4E41-A2B6-FA68C4F079B4}.Release|Any CPU.Build.0 = Release|Any CPU
	EndGlobalSection
	GlobalSection(SolutionProperties) = preSolution
		HideSolutionNode = FALSE
	EndGlobalSection
	GlobalSection(ExtensibilityGlobals) = postSolution
		SolutionGuid = {51D2BF7A-DD84-4137-AC4A-5D916DB712DB}
	EndGlobalSection
EndGlobal
